
Microsoft Visual Studio Solution File, Format Version 12.00
# Visual Studio Version 17
VisualStudioVersion = 17.3.32922.545
MinimumVisualStudioVersion = 10.0.40219.1
Project("{FAE04EC0-301F-11D3-BF4B-00C04F79EFBC}") = "hesap makinesi1", "hesap makinesi1\hesap makinesi1.csproj", "{CFA9A295-121A-4A6D-937C-E60F22B54DD1}"
EndProject
Global
	GlobalSection(SolutionConfigurationPlatforms) = preSolution
		Debug|Any CPU = Debug|Any CPU
		Release|Any CPU = Release|Any CPU
	EndGlobalSection
	GlobalSection(ProjectConfigurationPlatforms) = postSolution
		{CFA9A295-121A-4A6D-937C-E60F22B54DD1}.Debug|Any CPU.ActiveCfg = Debug|Any CPU
		{CFA9A295-121A-4A6D-937C-E60F22B54DD1}.Debug|Any CPU.Build.0 = Debug|Any CPU
		{CFA9A295-121A-4A6D-937C-E60F22B54DD1}.Release|Any CPU.ActiveCfg = Release|Any CPU
		{CFA9A295-121A-4A6D-937C-E60F22B54DD1}.Release|Any CPU.Build.0 = Release|Any CPU
	EndGlobalSection
	GlobalSection(SolutionProperties) = preSolution
		HideSolutionNode = FALSE
	EndGlobalSection
	GlobalSection(ExtensibilityGlobals) = postSolution
		SolutionGuid = {B42E2579-7AFB-4893-9268-01F617502666}
	EndGlobalSection
EndGlobal
